
Microsoft Visual Studio Solution File, Format Version 12.00
# Visual Studio Version 17
VisualStudioVersion = 17.12.35707.178
MinimumVisualStudioVersion = 10.0.40219.1
Project("{FAE04EC0-301F-11D3-BF4B-00C04F79EFBC}") = "Cars", "Cars\Cars.csproj", "{605228ED-6B20-49F2-992D-E044B59E7066}"
EndProject
Project("{FAE04EC0-301F-11D3-BF4B-00C04F79EFBC}") = "DataContext", "DataContext\DataContext.csproj", "{ECC004D0-7B27-4526-B468-5C94B3BEC31F}"
EndProject
Global
	GlobalSection(SolutionConfigurationPlatforms) = preSolution
		Debug|Any CPU = Debug|Any CPU
		Release|Any CPU = Release|Any CPU
	EndGlobalSection
	GlobalSection(ProjectConfigurationPlatforms) = postSolution
		{605228ED-6B20-49F2-992D-E044B59E7066}.Debug|Any CPU.ActiveCfg = Debug|Any CPU
		{605228ED-6B20-49F2-992D-E044B59E7066}.Debug|Any CPU.Build.0 = Debug|Any CPU
		{605228ED-6B20-49F2-992D-E044B59E7066}.Release|Any CPU.ActiveCfg = Release|Any CPU
		{605228ED-6B20-49F2-992D-E044B59E7066}.Release|Any CPU.Build.0 = Release|Any CPU
		{ECC004D0-7B27-4526-B468-5C94B3BEC31F}.Debug|Any CPU.ActiveCfg = Debug|Any CPU
		{ECC004D0-7B27-4526-B468-5C94B3BEC31F}.Debug|Any CPU.Build.0 = Debug|Any CPU
		{ECC004D0-7B27-4526-B468-5C94B3BEC31F}.Release|Any CPU.ActiveCfg = Release|Any CPU
		{ECC004D0-7B27-4526-B468-5C94B3BEC31F}.Release|Any CPU.Build.0 = Release|Any CPU
	EndGlobalSection
	GlobalSection(SolutionProperties) = preSolution
		HideSolutionNode = FALSE
	EndGlobalSection
EndGlobal
